
Microsoft Visual Studio Solution File, Format Version 11.00
# Visual Studio 2010
Project("{FAE04EC0-301F-11D3-BF4B-00C04F79EFBC}") = "SwordfishAI", "SwordfishAI\SwordfishAI\SwordfishAI.csproj", "{0F70701D-3AB2-4D14-BE05-8685701B36AA}"
EndProject
Project("{FAE04EC0-301F-11D3-BF4B-00C04F79EFBC}") = "SwordfishAIContent", "SwordfishAI\SwordfishAIContent\SwordfishAIContent.contentproj", "{D4759BD6-E8D2-433B-B008-B5CEF18C8700}"
EndProject
Global
	GlobalSection(SolutionConfigurationPlatforms) = preSolution
		Debug|x86 = Debug|x86
		Release|x86 = Release|x86
	EndGlobalSection
	GlobalSection(ProjectConfigurationPlatforms) = postSolution
		{0F70701D-3AB2-4D14-BE05-8685701B36AA}.Debug|x86.ActiveCfg = Debug|x86
		{0F70701D-3AB2-4D14-BE05-8685701B36AA}.Debug|x86.Build.0 = Debug|x86
		{0F70701D-3AB2-4D14-BE05-8685701B36AA}.Release|x86.ActiveCfg = Release|x86
		{0F70701D-3AB2-4D14-BE05-8685701B36AA}.Release|x86.Build.0 = Release|x86
		{D4759BD6-E8D2-433B-B008-B5CEF18C8700}.Debug|x86.ActiveCfg = Debug|x86
		{D4759BD6-E8D2-433B-B008-B5CEF18C8700}.Release|x86.ActiveCfg = Release|x86
	EndGlobalSection
	GlobalSection(SolutionProperties) = preSolution
		HideSolutionNode = FALSE
	EndGlobalSection
EndGlobal
